PODS:
  - ScrollableGraphView (4.0.6)

DEPENDENCIES:
  - ScrollableGraphView

SPEC REPOS:
  https://github.com/cocoapods/specs.git:
    - ScrollableGraphView

SPEC CHECKSUMS:
  ScrollableGraphView: 4af35d4ea9ecdec665d34a74da51da161ddff8ac

PODFILE CHECKSUM: 7235738b23844179f2691904536fad43b6c411d3

COCOAPODS: 1.6.1
