// !$*UTF8*$!
{
	archiveVersion = 1;
	classes = {
	};
	objectVersion = 50;
	objects = {

/* Begin PBXBuildFile section */
		BA764BE022754BA00086CCC5 /* AddCityViewController.swift in Sources */ = {isa = PBXBuildFile; fileRef = BA764BDF22754BA00086CCC5 /* AddCityViewController.swift */; };
		BAEC0EA722711B910006FB61 /* AppDelegate.swift in Sources */ = {isa = PBXBuildFile; fileRef = BAEC0EA622711B910006FB61 /* AppDelegate.swift */; };
		BAEC0EA922711B910006FB61 /* DetailViewController.swift in Sources */ = {isa = PBXBuildFile; fileRef = BAEC0EA822711B910006FB61 /* DetailViewController.swift */; };
		BAEC0EAC22711B910006FB61 /* Main.storyboard in Resources */ = {isa = PBXBuildFile; fileRef = BAEC0EAA22711B910006FB61 /* Main.storyboard */; };
		BAEC0EAE22711B910006FB61 /* Assets.xcassets in Resources */ = {isa = PBXBuildFile; fileRef = BAEC0EAD22711B910006FB61 /* Assets.xcassets */; };
		BAEC0EB122711B910006FB61 /* LaunchScreen.storyboard in Resources */ = {isa = PBXBuildFile; fileRef = BAEC0EAF22711B910006FB61 /* LaunchScreen.storyboard */; };
		BAEC0EBA22711D440006FB61 /* CityViewController.swift in Sources */ = {isa = PBXBuildFile; fileRef = BAEC0EB922711D440006FB61 /* CityViewController.swift */; };
		BAEC0EBC22711DEC0006FB61 /* City.swift in Sources */ = {isa = PBXBuildFile; fileRef = BAEC0EBB22711DEC0006FB61 /* City.swift */; };
/* End PBXBuildFile section */

/* Begin PBXFileReference section */
		BA764BDF22754BA00086CCC5 /* AddCityViewController.swift */ = {isa = PBXFileReference; lastKnownFileType = sourcecode.swift; path = AddCityViewController.swift; sourceTree = "<group>"; };
		BAEC0EA322711B910006FB61 /* WeatherTabBar.app */ = {isa = PBXFileReference; explicitFileType = wrapper.application; includeInIndex = 0; path = WeatherTabBar.app; sourceTree = BUILT_PRODUCTS_DIR; };
		BAEC0EA622711B910006FB61 /* AppDelegate.swift */ = {isa = PBXFileReference; lastKnownFileType = sourcecode.swift; path = AppDelegate.swift; sourceTree = "<group>"; };
		BAEC0EA822711B910006FB61 /* DetailViewController.swift */ = {isa = PBXFileReference; lastKnownFileType = sourcecode.swift; path = DetailViewController.swift; sourceTree = "<group>"; };
		BAEC0EAB22711B910006FB61 /* Base */ = {isa = PBXFileReference; lastKnownFileType = file.storyboard; name = Base; path = Base.lproj/Main.storyboard; sourceTree = "<group>"; };
		BAEC0EAD22711B910006FB61 /* Assets.xcassets */ = {isa = PBXFileReference; lastKnownFileType = folder.assetcatalog; path = Assets.xcassets; sourceTree = "<group>"; };
		BAEC0EB022711B910006FB61 /* Base */ = {isa = PBXFileReference; lastKnownFileType = file.storyboard; name = Base; path = Base.lproj/LaunchScreen.storyboard; sourceTree = "<group>"; };
		BAEC0EB222711B910006FB61 /* Info.plist */ = {isa = PBXFileReference; lastKnownFileType = text.plist.xml; path = Info.plist; sourceTree = "<group>"; };
		BAEC0EB922711D440006FB61 /* CityViewController.swift */ = {isa = PBXFileReference; lastKnownFileType = sourcecode.swift; path = CityViewController.swift; sourceTree = "<group>"; };
		BAEC0EBB22711DEC0006FB61 /* City.swift */ = {isa = PBXFileReference; lastKnownFileType = sourcecode.swift; path = City.swift; sourceTree = "<group>"; };
/* End PBXFileReference section */

/* Begin PBXFrameworksBuildPhase section */
		BAEC0EA022711B910006FB61 /* Frameworks */ = {
			isa = PBXFrameworksBuildPhase;
			buildActionMask = 2147483647;
			files = (
			);
			runOnlyForDeploymentPostprocessing = 0;
		};
/* End PBXFrameworksBuildPhase section */

/* Begin PBXGroup section */
		BAEC0E9A22711B910006FB61 = {
			isa = PBXGroup;
			children = (
				BAEC0EA522711B910006FB61 /* WeatherTabBar */,
				BAEC0EA422711B910006FB61 /* Products */,
			);
			sourceTree = "<group>";
		};
		BAEC0EA422711B910006FB61 /* Products */ = {
			isa = PBXGroup;
			children = (
				BAEC0EA322711B910006FB61 /* WeatherTabBar.app */,
			);
			name = Products;
			sourceTree = "<group>";
		};
		BAEC0EA522711B910006FB61 /* WeatherTabBar */ = {
			isa = PBXGroup;
			children = (
				BAEC0EB822711BD50006FB61 /* Supporting Files */,
				BAEC0EBE22711E610006FB61 /* Controllers */,
				BAEC0EBD22711E590006FB61 /* Models */,
				BAEC0EAA22711B910006FB61 /* Main.storyboard */,
				BAEC0EB222711B910006FB61 /* Info.plist */,
			);
			path = WeatherTabBar;
			sourceTree = "<group>";
		};
		BAEC0EB822711BD50006FB61 /* Supporting Files */ = {
			isa = PBXGroup;
			children = (
				BAEC0EA622711B910006FB61 /* AppDelegate.swift */,
				BAEC0EAD22711B910006FB61 /* Assets.xcassets */,
				BAEC0EAF22711B910006FB61 /* LaunchScreen.storyboard */,
			);
			path = "Supporting Files";
			sourceTree = "<group>";
		};
		BAEC0EBD22711E590006FB61 /* Models */ = {
			isa = PBXGroup;
			children = (
				BAEC0EBB22711DEC0006FB61 /* City.swift */,
			);
			path = Models;
			sourceTree = "<group>";
		};
		BAEC0EBE22711E610006FB61 /* Controllers */ = {
			isa = PBXGroup;
			children = (
				BAEC0EA822711B910006FB61 /* DetailViewController.swift */,
				BAEC0EB922711D440006FB61 /* CityViewController.swift */,
				BA764BDF22754BA00086CCC5 /* AddCityViewController.swift */,
			);
			path = Controllers;
			sourceTree = "<group>";
		};
/* End PBXGroup section */

/* Begin PBXNativeTarget section */
		BAEC0EA222711B910006FB61 /* WeatherTabBar */ = {
			isa = PBXNativeTarget;
			buildConfigurationList = BAEC0EB522711B910006FB61 /* Build configuration list for PBXNativeTarget "WeatherTabBar" */;
			buildPhases = (
				BAEC0E9F22711B910006FB61 /* Sources */,
				BAEC0EA022711B910006FB61 /* Frameworks */,
				BAEC0EA122711B910006FB61 /* Resources */,
			);
			buildRules = (
			);
			dependencies = (
			);
			name = WeatherTabBar;
			productName = WeatherTabBar;
			productReference = BAEC0EA322711B910006FB61 /* WeatherTabBar.app */;
			productType = "com.apple.product-type.application";
		};
/* End PBXNativeTarget section */

/* Begin PBXProject section */
		BAEC0E9B22711B910006FB61 /* Project object */ = {
			isa = PBXProject;
			attributes = {
				LastSwiftUpdateCheck = 1020;
				LastUpgradeCheck = 1020;
				ORGANIZATIONNAME = "Thong Hoang Nguyen";
				TargetAttributes = {
					BAEC0EA222711B910006FB61 = {
						CreatedOnToolsVersion = 10.2.1;
					};
				};
			};
			buildConfigurationList = BAEC0E9E22711B910006FB61 /* Build configuration list for PBXProject "WeatherTabBar" */;
			compatibilityVersion = "Xcode 9.3";
			developmentRegion = en;
			hasScannedForEncodings = 0;
			knownRegions = (
				en,
				Base,
			);
			mainGroup = BAEC0E9A22711B910006FB61;
			productRefGroup = BAEC0EA422711B910006FB61 /* Products */;
			projectDirPath = "";
			projectRoot = "";
			targets = (
				BAEC0EA222711B910006FB61 /* WeatherTabBar */,
			);
		};
/* End PBXProject section */

/* Begin PBXResourcesBuildPhase section */
		BAEC0EA122711B910006FB61 /* Resources */ = {
			isa = PBXResourcesBuildPhase;
			buildActionMask = 2147483647;
			files = (
				BAEC0EB122711B910006FB61 /* LaunchScreen.storyboard in Resources */,
				BAEC0EAE22711B910006FB61 /* Assets.xcassets in Resources */,
				BAEC0EAC22711B910006FB61 /* Main.storyboard in Resources */,
			);
			runOnlyForDeploymentPostprocessing = 0;
		};
/* End PBXResourcesBuildPhase section */

/* Begin PBXSourcesBuildPhase section */
		BAEC0E9F22711B910006FB61 /* Sources */ = {
			isa = PBXSourcesBuildPhase;
			buildActionMask = 2147483647;
			files = (
				BA764BE022754BA00086CCC5 /* AddCityViewController.swift in Sources */,
				BAEC0EA922711B910006FB61 /* DetailViewController.swift in Sources */,
				BAEC0EA722711B910006FB61 /* AppDelegate.swift in Sources */,
				BAEC0EBC22711DEC0006FB61 /* City.swift in Sources */,
				BAEC0EBA22711D440006FB61 /* CityViewController.swift in Sources */,
			);
			runOnlyForDeploymentPostprocessing = 0;
		};
/* End PBXSourcesBuildPhase section */

/* Begin PBXVariantGroup section */
		BAEC0EAA22711B910006FB61 /* Main.storyboard */ = {
			isa = PBXVariantGroup;
			children = (
				BAEC0EAB22711B910006FB61 /* Base */,
			);
			name = Main.storyboard;
			sourceTree = "<group>";
		};
		BAEC0EAF22711B910006FB61 /* LaunchScreen.storyboard */ = {
			isa = PBXVariantGroup;
			children = (
				BAEC0EB022711B910006FB61 /* Base */,
			);
			name = LaunchScreen.storyboard;
			sourceTree = "<group>";
		};
/* End PBXVariantGroup section */

/* Begin XCBuildConfiguration section */
		BAEC0EB322711B910006FB61 /* Debug */ = {
			isa = XCBuildConfiguration;
			buildSettings = {
				ALWAYS_SEARCH_USER_PATHS = NO;
				CLANG_ANALYZER_NONNULL = YES;
				CLANG_ANALYZER_NUMBER_OBJECT_CONVERSION = YES_AGGRESSIVE;
				CLANG_CXX_LANGUAGE_STANDARD = "gnu++14";
				CLANG_CXX_LIBRARY = "libc++";
				CLANG_ENABLE_MODULES = YES;
				CLANG_ENABLE_OBJC_ARC = YES;
				CLANG_ENABLE_OBJC_WEAK = YES;
				CLANG_WARN_BLOCK_CAPTURE_AUTORELEASING = YES;
				CLANG_WARN_BOOL_CONVERSION = YES;
				CLANG_WARN_COMMA = YES;
				CLANG_WARN_CONSTANT_CONVERSION = YES;
				CLANG_WARN_DEPRECATED_OBJC_IMPLEMENTATIONS = YES;
				CLANG_WARN_DIRECT_OBJC_ISA_USAGE = YES_ERROR;
				CLANG_WARN_DOCUMENTATION_COMMENTS = YES;
				CLANG_WARN_EMPTY_BODY = YES;
				CLANG_WARN_ENUM_CONVERSION = YES;
				CLANG_WARN_INFINITE_RECURSION = YES;
				CLANG_WARN_INT_CONVERSION = YES;
				CLANG_WARN_NON_LITERAL_NULL_CONVERSION = YES;
				CLANG_WARN_OBJC_IMPLICIT_RETAIN_SELF = YES;
				CLANG_WARN_OBJC_LITERAL_CONVERSION = YES;
				CLANG_WARN_OBJC_ROOT_CLASS = YES_ERROR;
				CLANG_WARN_RANGE_LOOP_ANALYSIS = YES;
				CLANG_WARN_STRICT_PROTOTYPES = YES;
				CLANG_WARN_SUSPICIOUS_MOVE = YES;
				CLANG_WARN_UNGUARDED_AVAILABILITY = YES_AGGRESSIVE;
				CLANG_WARN_UNREACHABLE_CODE = YES;
				CLANG_WARN__DUPLICATE_METHOD_MATCH = YES;
				CODE_SIGN_IDENTITY = "iPhone Developer";
				COPY_PHASE_STRIP = NO;
				DEBUG_INFORMATION_FORMAT = dwarf;
				ENABLE_STRICT_OBJC_MSGSEND = YES;
				ENABLE_TESTABILITY = YES;
				GCC_C_LANGUAGE_STANDARD = gnu11;
				GCC_DYNAMIC_NO_PIC = NO;
				GCC_NO_COMMON_BLOCKS = YES;
				GCC_OPTIMIZATION_LEVEL = 0;
				GCC_PREPROCESSOR_DEFINITIONS = (
					"DEBUG=1",
					"$(inherited)",
				);
				GCC_WARN_64_TO_32_BIT_CONVERSION = YES;
				GCC_WARN_ABOUT_RETURN_TYPE = YES_ERROR;
				GCC_WARN_UNDECLARED_SELECTOR = YES;
				GCC_WARN_UNINITIALIZED_AUTOS = YES_AGGRESSIVE;
				GCC_WARN_UNUSED_FUNCTION = YES;
				GCC_WARN_UNUSED_VARIABLE = YES;
				IPHONEOS_DEPLOYMENT_TARGET = 12.2;
				MTL_ENABLE_DEBUG_INFO = INCLUDE_SOURCE;
				MTL_FAST_MATH = YES;
				ONLY_ACTIVE_ARCH = YES;
				SDKROOT = iphoneos;
				SWIFT_ACTIVE_COMPILATION_CONDITIONS = DEBUG;
				SWIFT_OPTIMIZATION_LEVEL = "-Onone";
			};
			name = Debug;
		};
		BAEC0EB422711B910006FB61 /* Release */ = {
			isa = XCBuildConfiguration;
			buildSettings = {
				ALWAYS_SEARCH_USER_PATHS = NO;
				CLANG_ANALYZER_NONNULL = YES;
				CLANG_ANALYZER_NUMBER_OBJECT_CONVERSION = YES_AGGRESSIVE;
				CLANG_CXX_LANGUAGE_STANDARD = "gnu++14";
				CLANG_CXX_LIBRARY = "libc++";
				CLANG_ENABLE_MODULES = YES;
				CLANG_ENABLE_OBJC_ARC = YES;
				CLANG_ENABLE_OBJC_WEAK = YES;
				CLANG_WARN_BLOCK_CAPTURE_AUTORELEASING = YES;
				CLANG_WARN_BOOL_CONVERSION = YES;
				CLANG_WARN_COMMA = YES;
				CLANG_WARN_CONSTANT_CONVERSION = YES;
				CLANG_WARN_DEPRECATED_OBJC_IMPLEMENTATIONS = YES;
				CLANG_WARN_DIRECT_OBJC_ISA_USAGE = YES_ERROR;
				CLANG_WARN_DOCUMENTATION_COMMENTS = YES;
				CLANG_WARN_EMPTY_BODY = YES;
				CLANG_WARN_ENUM_CONVERSION = YES;
				CLANG_WARN_INFINITE_RECURSION = YES;
				CLANG_WARN_INT_CONVERSION = YES;
				CLANG_WARN_NON_LITERAL_NULL_CONVERSION = YES;
				CLANG_WARN_OBJC_IMPLICIT_RETAIN_SELF = YES;
				CLANG_WARN_OBJC_LITERAL_CONVERSION = YES;
				CLANG_WARN_OBJC_ROOT_CLASS = YES_ERROR;
				CLANG_WARN_RANGE_LOOP_ANALYSIS = YES;
				CLANG_WARN_STRICT_PROTOTYPES = YES;
				CLANG_WARN_SUSPICIOUS_MOVE = YES;
				CLANG_WARN_UNGUARDED_AVAILABILITY = YES_AGGRESSIVE;
				CLANG_WARN_UNREACHABLE_CODE = YES;
				CLANG_WARN__DUPLICATE_METHOD_MATCH = YES;
				CODE_SIGN_IDENTITY = "iPhone Developer";
				COPY_PHASE_STRIP = NO;
				DEBUG_INFORMATION_FORMAT = "dwarf-with-dsym";
				ENABLE_NS_ASSERTIONS = NO;
				ENABLE_STRICT_OBJC_MSGSEND = YES;
				GCC_C_LANGUAGE_STANDARD = gnu11;
				GCC_NO_COMMON_BLOCKS = YES;
				GCC_WARN_64_TO_32_BIT_CONVERSION = YES;
				GCC_WARN_ABOUT_RETURN_TYPE = YES_ERROR;
				GCC_WARN_UNDECLARED_SELECTOR = YES;
				GCC_WARN_UNINITIALIZED_AUTOS = YES_AGGRESSIVE;
				GCC_WARN_UNUSED_FUNCTION = YES;
				GCC_WARN_UNUSED_VARIABLE = YES;
				IPHONEOS_DEPLOYMENT_TARGET = 12.2;
				MTL_ENABLE_DEBUG_INFO = NO;
				MTL_FAST_MATH = YES;
				SDKROOT = iphoneos;
				SWIFT_COMPILATION_MODE = wholemodule;
				SWIFT_OPTIMIZATION_LEVEL = "-O";
				VALIDATE_PRODUCT = YES;
			};
			name = Release;
		};
		BAEC0EB622711B910006FB61 /* Debug */ = {
			isa = XCBuildConfiguration;
			buildSettings = {
				ASSETCATALOG_COMPILER_APPICON_NAME = AppIcon;
				CODE_SIGN_STYLE = Automatic;
				DEVELOPMENT_TEAM = NTBX6B6L7U;
				INFOPLIST_FILE = WeatherTabBar/Info.plist;
				LD_RUNPATH_SEARCH_PATHS = (
					"$(inherited)",
					"@executable_path/Frameworks",
				);
				PRODUCT_BUNDLE_IDENTIFIER = hoangthongtv91.WeatherTabBar;
				PRODUCT_NAME = "$(TARGET_NAME)";
				SWIFT_VERSION = 5.0;
				TARGETED_DEVICE_FAMILY = "1,2";
			};
			name = Debug;
		};
		BAEC0EB722711B910006FB61 /* Release */ = {
			isa = XCBuildConfiguration;
			buildSettings = {
				ASSETCATALOG_COMPILER_APPICON_NAME = AppIcon;
				CODE_SIGN_STYLE = Automatic;
				DEVELOPMENT_TEAM = NTBX6B6L7U;
				INFOPLIST_FILE = WeatherTabBar/Info.plist;
				LD_RUNPATH_SEARCH_PATHS = (
					"$(inherited)",
					"@executable_path/Frameworks",
				);
				PRODUCT_BUNDLE_IDENTIFIER = hoangthongtv91.WeatherTabBar;
				PRODUCT_NAME = "$(TARGET_NAME)";
				SWIFT_VERSION = 5.0;
				TARGETED_DEVICE_FAMILY = "1,2";
			};
			name = Release;
		};
/* End XCBuildConfiguration section */

/* Begin XCConfigurationList section */
		BAEC0E9E22711B910006FB61 /* Build configuration list for PBXProject "WeatherTabBar" */ = {
			isa = XCConfigurationList;
			buildConfigurations = (
				BAEC0EB322711B910006FB61 /* Debug */,
				BAEC0EB422711B910006FB61 /* Release */,
			);
			defaultConfigurationIsVisible = 0;
			defaultConfigurationName = Release;
		};
		BAEC0EB522711B910006FB61 /* Build configuration list for PBXNativeTarget "WeatherTabBar" */ = {
			isa = XCConfigurationList;
			buildConfigurations = (
				BAEC0EB622711B910006FB61 /* Debug */,
				BAEC0EB722711B910006FB61 /* Release */,
			);
			defaultConfigurationIsVisible = 0;
			defaultConfigurationName = Release;
		};
/* End XCConfigurationList section */
	};
	rootObject = BAEC0E9B22711B910006FB61 /* Project object */;
}
