// !$*UTF8*$!
{
	archiveVersion = 1;
	classes = {
	};
	objectVersion = 50;
	objects = {

/* Begin PBXBuildFile section */
		BA39C25B22666EF000CD0BAD /* AppDelegate.swift in Sources */ = {isa = PBXBuildFile; fileRef = BA39C25A22666EF000CD0BAD /* AppDelegate.swift */; };
		BA39C25D22666EF000CD0BAD /* ViewController.swift in Sources */ = {isa = PBXBuildFile; fileRef = BA39C25C22666EF000CD0BAD /* ViewController.swift */; };
		BA39C26022666EF000CD0BAD /* Main.storyboard in Resources */ = {isa = PBXBuildFile; fileRef = BA39C25E22666EF000CD0BAD /* Main.storyboard */; };
		BA39C26222666EF100CD0BAD /* Assets.xcassets in Resources */ = {isa = PBXBuildFile; fileRef = BA39C26122666EF100CD0BAD /* Assets.xcassets */; };
		BA39C26522666EF100CD0BAD /* LaunchScreen.storyboard in Resources */ = {isa = PBXBuildFile; fileRef = BA39C26322666EF100CD0BAD /* LaunchScreen.storyboard */; };
/* End PBXBuildFile section */

/* Begin PBXFileReference section */
		BA39C25722666EF000CD0BAD /* AutoLayoutExample.app */ = {isa = PBXFileReference; explicitFileType = wrapper.application; includeInIndex = 0; path = AutoLayoutExample.app; sourceTree = BUILT_PRODUCTS_DIR; };
		BA39C25A22666EF000CD0BAD /* AppDelegate.swift */ = {isa = PBXFileReference; lastKnownFileType = sourcecode.swift; path = AppDelegate.swift; sourceTree = "<group>"; };
		BA39C25C22666EF000CD0BAD /* ViewController.swift */ = {isa = PBXFileReference; lastKnownFileType = sourcecode.swift; path = ViewController.swift; sourceTree = "<group>"; };
		BA39C25F22666EF000CD0BAD /* Base */ = {isa = PBXFileReference; lastKnownFileType = file.storyboard; name = Base; path = Base.lproj/Main.storyboard; sourceTree = "<group>"; };
		BA39C26122666EF100CD0BAD /* Assets.xcassets */ = {isa = PBXFileReference; lastKnownFileType = folder.assetcatalog; path = Assets.xcassets; sourceTree = "<group>"; };
		BA39C26422666EF100CD0BAD /* Base */ = {isa = PBXFileReference; lastKnownFileType = file.storyboard; name = Base; path = Base.lproj/LaunchScreen.storyboard; sourceTree = "<group>"; };
		BA39C26622666EF100CD0BAD /* Info.plist */ = {isa = PBXFileReference; lastKnownFileType = text.plist.xml; path = Info.plist; sourceTree = "<group>"; };
/* End PBXFileReference section */

/* Begin PBXFrameworksBuildPhase section */
		BA39C25422666EF000CD0BAD /* Frameworks */ = {
			isa = PBXFrameworksBuildPhase;
			buildActionMask = 2147483647;
			files = (
			);
			runOnlyForDeploymentPostprocessing = 0;
		};
/* End PBXFrameworksBuildPhase section */

/* Begin PBXGroup section */
		BA39C24E22666EF000CD0BAD = {
			isa = PBXGroup;
			children = (
				BA39C25922666EF000CD0BAD /* AutoLayoutExample */,
				BA39C25822666EF000CD0BAD /* Products */,
			);
			sourceTree = "<group>";
		};
		BA39C25822666EF000CD0BAD /* Products */ = {
			isa = PBXGroup;
			children = (
				BA39C25722666EF000CD0BAD /* AutoLayoutExample.app */,
			);
			name = Products;
			sourceTree = "<group>";
		};
		BA39C25922666EF000CD0BAD /* AutoLayoutExample */ = {
			isa = PBXGroup;
			children = (
				BA39C25A22666EF000CD0BAD /* AppDelegate.swift */,
				BA39C25C22666EF000CD0BAD /* ViewController.swift */,
				BA39C25E22666EF000CD0BAD /* Main.storyboard */,
				BA39C26122666EF100CD0BAD /* Assets.xcassets */,
				BA39C26322666EF100CD0BAD /* LaunchScreen.storyboard */,
				BA39C26622666EF100CD0BAD /* Info.plist */,
			);
			path = AutoLayoutExample;
			sourceTree = "<group>";
		};
/* End PBXGroup section */

/* Begin PBXNativeTarget section */
		BA39C25622666EF000CD0BAD /* AutoLayoutExample */ = {
			isa = PBXNativeTarget;
			buildConfigurationList = BA39C26922666EF100CD0BAD /* Build configuration list for PBXNativeTarget "AutoLayoutExample" */;
			buildPhases = (
				BA39C25322666EF000CD0BAD /* Sources */,
				BA39C25422666EF000CD0BAD /* Frameworks */,
				BA39C25522666EF000CD0BAD /* Resources */,
			);
			buildRules = (
			);
			dependencies = (
			);
			name = AutoLayoutExample;
			productName = AutoLayoutExample;
			productReference = BA39C25722666EF000CD0BAD /* AutoLayoutExample.app */;
			productType = "com.apple.product-type.application";
		};
/* End PBXNativeTarget section */

/* Begin PBXProject section */
		BA39C24F22666EF000CD0BAD /* Project object */ = {
			isa = PBXProject;
			attributes = {
				LastSwiftUpdateCheck = 1020;
				LastUpgradeCheck = 1020;
				ORGANIZATIONNAME = "Thong Hoang Nguyen";
				TargetAttributes = {
					BA39C25622666EF000CD0BAD = {
						CreatedOnToolsVersion = 10.2;
					};
				};
			};
			buildConfigurationList = BA39C25222666EF000CD0BAD /* Build configuration list for PBXProject "AutoLayoutExample" */;
			compatibilityVersion = "Xcode 9.3";
			developmentRegion = en;
			hasScannedForEncodings = 0;
			knownRegions = (
				en,
				Base,
			);
			mainGroup = BA39C24E22666EF000CD0BAD;
			productRefGroup = BA39C25822666EF000CD0BAD /* Products */;
			projectDirPath = "";
			projectRoot = "";
			targets = (
				BA39C25622666EF000CD0BAD /* AutoLayoutExample */,
			);
		};
/* End PBXProject section */

/* Begin PBXResourcesBuildPhase section */
		BA39C25522666EF000CD0BAD /* Resources */ = {
			isa = PBXResourcesBuildPhase;
			buildActionMask = 2147483647;
			files = (
				BA39C26522666EF100CD0BAD /* LaunchScreen.storyboard in Resources */,
				BA39C26222666EF100CD0BAD /* Assets.xcassets in Resources */,
				BA39C26022666EF000CD0BAD /* Main.storyboard in Resources */,
			);
			runOnlyForDeploymentPostprocessing = 0;
		};
/* End PBXResourcesBuildPhase section */

/* Begin PBXSourcesBuildPhase section */
		BA39C25322666EF000CD0BAD /* Sources */ = {
			isa = PBXSourcesBuildPhase;
			buildActionMask = 2147483647;
			files = (
				BA39C25D22666EF000CD0BAD /* ViewController.swift in Sources */,
				BA39C25B22666EF000CD0BAD /* AppDelegate.swift in Sources */,
			);
			runOnlyForDeploymentPostprocessing = 0;
		};
/* End PBXSourcesBuildPhase section */

/* Begin PBXVariantGroup section */
		BA39C25E22666EF000CD0BAD /* Main.storyboard */ = {
			isa = PBXVariantGroup;
			children = (
				BA39C25F22666EF000CD0BAD /* Base */,
			);
			name = Main.storyboard;
			sourceTree = "<group>";
		};
		BA39C26322666EF100CD0BAD /* LaunchScreen.storyboard */ = {
			isa = PBXVariantGroup;
			children = (
				BA39C26422666EF100CD0BAD /* Base */,
			);
			name = LaunchScreen.storyboard;
			sourceTree = "<group>";
		};
/* End PBXVariantGroup section */

/* Begin XCBuildConfiguration section */
		BA39C26722666EF100CD0BAD /* Debug */ = {
			isa = XCBuildConfiguration;
			buildSettings = {
				ALWAYS_SEARCH_USER_PATHS = NO;
				CLANG_ANALYZER_NONNULL = YES;
				CLANG_ANALYZER_NUMBER_OBJECT_CONVERSION = YES_AGGRESSIVE;
				CLANG_CXX_LANGUAGE_STANDARD = "gnu++14";
				CLANG_CXX_LIBRARY = "libc++";
				CLANG_ENABLE_MODULES = YES;
				CLANG_ENABLE_OBJC_ARC = YES;
				CLANG_ENABLE_OBJC_WEAK = YES;
				CLANG_WARN_BLOCK_CAPTURE_AUTORELEASING = YES;
				CLANG_WARN_BOOL_CONVERSION = YES;
				CLANG_WARN_COMMA = YES;
				CLANG_WARN_CONSTANT_CONVERSION = YES;
				CLANG_WARN_DEPRECATED_OBJC_IMPLEMENTATIONS = YES;
				CLANG_WARN_DIRECT_OBJC_ISA_USAGE = YES_ERROR;
				CLANG_WARN_DOCUMENTATION_COMMENTS = YES;
				CLANG_WARN_EMPTY_BODY = YES;
				CLANG_WARN_ENUM_CONVERSION = YES;
				CLANG_WARN_INFINITE_RECURSION = YES;
				CLANG_WARN_INT_CONVERSION = YES;
				CLANG_WARN_NON_LITERAL_NULL_CONVERSION = YES;
				CLANG_WARN_OBJC_IMPLICIT_RETAIN_SELF = YES;
				CLANG_WARN_OBJC_LITERAL_CONVERSION = YES;
				CLANG_WARN_OBJC_ROOT_CLASS = YES_ERROR;
				CLANG_WARN_RANGE_LOOP_ANALYSIS = YES;
				CLANG_WARN_STRICT_PROTOTYPES = YES;
				CLANG_WARN_SUSPICIOUS_MOVE = YES;
				CLANG_WARN_UNGUARDED_AVAILABILITY = YES_AGGRESSIVE;
				CLANG_WARN_UNREACHABLE_CODE = YES;
				CLANG_WARN__DUPLICATE_METHOD_MATCH = YES;
				CODE_SIGN_IDENTITY = "iPhone Developer";
				COPY_PHASE_STRIP = NO;
				DEBUG_INFORMATION_FORMAT = dwarf;
				ENABLE_STRICT_OBJC_MSGSEND = YES;
				ENABLE_TESTABILITY = YES;
				GCC_C_LANGUAGE_STANDARD = gnu11;
				GCC_DYNAMIC_NO_PIC = NO;
				GCC_NO_COMMON_BLOCKS = YES;
				GCC_OPTIMIZATION_LEVEL = 0;
				GCC_PREPROCESSOR_DEFINITIONS = (
					"DEBUG=1",
					"$(inherited)",
				);
				GCC_WARN_64_TO_32_BIT_CONVERSION = YES;
				GCC_WARN_ABOUT_RETURN_TYPE = YES_ERROR;
				GCC_WARN_UNDECLARED_SELECTOR = YES;
				GCC_WARN_UNINITIALIZED_AUTOS = YES_AGGRESSIVE;
				GCC_WARN_UNUSED_FUNCTION = YES;
				GCC_WARN_UNUSED_VARIABLE = YES;
				IPHONEOS_DEPLOYMENT_TARGET = 12.2;
				MTL_ENABLE_DEBUG_INFO = INCLUDE_SOURCE;
				MTL_FAST_MATH = YES;
				ONLY_ACTIVE_ARCH = YES;
				SDKROOT = iphoneos;
				SWIFT_ACTIVE_COMPILATION_CONDITIONS = DEBUG;
				SWIFT_OPTIMIZATION_LEVEL = "-Onone";
			};
			name = Debug;
		};
		BA39C26822666EF100CD0BAD /* Release */ = {
			isa = XCBuildConfiguration;
			buildSettings = {
				ALWAYS_SEARCH_USER_PATHS = NO;
				CLANG_ANALYZER_NONNULL = YES;
				CLANG_ANALYZER_NUMBER_OBJECT_CONVERSION = YES_AGGRESSIVE;
				CLANG_CXX_LANGUAGE_STANDARD = "gnu++14";
				CLANG_CXX_LIBRARY = "libc++";
				CLANG_ENABLE_MODULES = YES;
				CLANG_ENABLE_OBJC_ARC = YES;
				CLANG_ENABLE_OBJC_WEAK = YES;
				CLANG_WARN_BLOCK_CAPTURE_AUTORELEASING = YES;
				CLANG_WARN_BOOL_CONVERSION = YES;
				CLANG_WARN_COMMA = YES;
				CLANG_WARN_CONSTANT_CONVERSION = YES;
				CLANG_WARN_DEPRECATED_OBJC_IMPLEMENTATIONS = YES;
				CLANG_WARN_DIRECT_OBJC_ISA_USAGE = YES_ERROR;
				CLANG_WARN_DOCUMENTATION_COMMENTS = YES;
				CLANG_WARN_EMPTY_BODY = YES;
				CLANG_WARN_ENUM_CONVERSION = YES;
				CLANG_WARN_INFINITE_RECURSION = YES;
				CLANG_WARN_INT_CONVERSION = YES;
				CLANG_WARN_NON_LITERAL_NULL_CONVERSION = YES;
				CLANG_WARN_OBJC_IMPLICIT_RETAIN_SELF = YES;
				CLANG_WARN_OBJC_LITERAL_CONVERSION = YES;
				CLANG_WARN_OBJC_ROOT_CLASS = YES_ERROR;
				CLANG_WARN_RANGE_LOOP_ANALYSIS = YES;
				CLANG_WARN_STRICT_PROTOTYPES = YES;
				CLANG_WARN_SUSPICIOUS_MOVE = YES;
				CLANG_WARN_UNGUARDED_AVAILABILITY = YES_AGGRESSIVE;
				CLANG_WARN_UNREACHABLE_CODE = YES;
				CLANG_WARN__DUPLICATE_METHOD_MATCH = YES;
				CODE_SIGN_IDENTITY = "iPhone Developer";
				COPY_PHASE_STRIP = NO;
				DEBUG_INFORMATION_FORMAT = "dwarf-with-dsym";
				ENABLE_NS_ASSERTIONS = NO;
				ENABLE_STRICT_OBJC_MSGSEND = YES;
				GCC_C_LANGUAGE_STANDARD = gnu11;
				GCC_NO_COMMON_BLOCKS = YES;
				GCC_WARN_64_TO_32_BIT_CONVERSION = YES;
				GCC_WARN_ABOUT_RETURN_TYPE = YES_ERROR;
				GCC_WARN_UNDECLARED_SELECTOR = YES;
				GCC_WARN_UNINITIALIZED_AUTOS = YES_AGGRESSIVE;
				GCC_WARN_UNUSED_FUNCTION = YES;
				GCC_WARN_UNUSED_VARIABLE = YES;
				IPHONEOS_DEPLOYMENT_TARGET = 12.2;
				MTL_ENABLE_DEBUG_INFO = NO;
				MTL_FAST_MATH = YES;
				SDKROOT = iphoneos;
				SWIFT_COMPILATION_MODE = wholemodule;
				SWIFT_OPTIMIZATION_LEVEL = "-O";
				VALIDATE_PRODUCT = YES;
			};
			name = Release;
		};
		BA39C26A22666EF100CD0BAD /* Debug */ = {
			isa = XCBuildConfiguration;
			buildSettings = {
				ASSETCATALOG_COMPILER_APPICON_NAME = AppIcon;
				CODE_SIGN_STYLE = Automatic;
				DEVELOPMENT_TEAM = NTBX6B6L7U;
				INFOPLIST_FILE = AutoLayoutExample/Info.plist;
				LD_RUNPATH_SEARCH_PATHS = (
					"$(inherited)",
					"@executable_path/Frameworks",
				);
				PRODUCT_BUNDLE_IDENTIFIER = hoangthongtv91.AutoLayoutExample;
				PRODUCT_NAME = "$(TARGET_NAME)";
				SWIFT_VERSION = 5.0;
				TARGETED_DEVICE_FAMILY = "1,2";
			};
			name = Debug;
		};
		BA39C26B22666EF100CD0BAD /* Release */ = {
			isa = XCBuildConfiguration;
			buildSettings = {
				ASSETCATALOG_COMPILER_APPICON_NAME = AppIcon;
				CODE_SIGN_STYLE = Automatic;
				DEVELOPMENT_TEAM = NTBX6B6L7U;
				INFOPLIST_FILE = AutoLayoutExample/Info.plist;
				LD_RUNPATH_SEARCH_PATHS = (
					"$(inherited)",
					"@executable_path/Frameworks",
				);
				PRODUCT_BUNDLE_IDENTIFIER = hoangthongtv91.AutoLayoutExample;
				PRODUCT_NAME = "$(TARGET_NAME)";
				SWIFT_VERSION = 5.0;
				TARGETED_DEVICE_FAMILY = "1,2";
			};
			name = Release;
		};
/* End XCBuildConfiguration section */

/* Begin XCConfigurationList section */
		BA39C25222666EF000CD0BAD /* Build configuration list for PBXProject "AutoLayoutExample" */ = {
			isa = XCConfigurationList;
			buildConfigurations = (
				BA39C26722666EF100CD0BAD /* Debug */,
				BA39C26822666EF100CD0BAD /* Release */,
			);
			defaultConfigurationIsVisible = 0;
			defaultConfigurationName = Release;
		};
		BA39C26922666EF100CD0BAD /* Build configuration list for PBXNativeTarget "AutoLayoutExample" */ = {
			isa = XCConfigurationList;
			buildConfigurations = (
				BA39C26A22666EF100CD0BAD /* Debug */,
				BA39C26B22666EF100CD0BAD /* Release */,
			);
			defaultConfigurationIsVisible = 0;
			defaultConfigurationName = Release;
		};
/* End XCConfigurationList section */
	};
	rootObject = BA39C24F22666EF000CD0BAD /* Project object */;
}
