// !$*UTF8*$!
{
	archiveVersion = 1;
	classes = {
	};
	objectVersion = 50;
	objects = {

/* Begin PBXBuildFile section */
		BA2098AF22725E6A00D673AB /* AppDelegate.swift in Sources */ = {isa = PBXBuildFile; fileRef = BA2098AE22725E6A00D673AB /* AppDelegate.swift */; };
		BA2098B422725E6A00D673AB /* Main.storyboard in Resources */ = {isa = PBXBuildFile; fileRef = BA2098B222725E6A00D673AB /* Main.storyboard */; };
		BA2098B622725E6C00D673AB /* Assets.xcassets in Resources */ = {isa = PBXBuildFile; fileRef = BA2098B522725E6C00D673AB /* Assets.xcassets */; };
		BA2098B922725E6C00D673AB /* LaunchScreen.storyboard in Resources */ = {isa = PBXBuildFile; fileRef = BA2098B722725E6C00D673AB /* LaunchScreen.storyboard */; };
		BA2098C122725F0C00D673AB /* MainTabBarController.swift in Sources */ = {isa = PBXBuildFile; fileRef = BA2098C022725F0C00D673AB /* MainTabBarController.swift */; };
		BA2098C32272682500D673AB /* SearchViewController.swift in Sources */ = {isa = PBXBuildFile; fileRef = BA2098C22272682500D673AB /* SearchViewController.swift */; };
		BAEA48CC22779B1F006CC27D /* SearchCollectionViewCell.swift in Sources */ = {isa = PBXBuildFile; fileRef = BAEA48CB22779B1F006CC27D /* SearchCollectionViewCell.swift */; };
		BAEA48CF2277B742006CC27D /* UIView+ConstraintLayout.swift in Sources */ = {isa = PBXBuildFile; fileRef = BAEA48CE2277B742006CC27D /* UIView+ConstraintLayout.swift */; };
		BAEA48D22277BC46006CC27D /* SearchResultApp.swift in Sources */ = {isa = PBXBuildFile; fileRef = BAEA48D12277BC46006CC27D /* SearchResultApp.swift */; };
/* End PBXBuildFile section */

/* Begin PBXFileReference section */
		BA2098AB22725E6A00D673AB /* AppStore.app */ = {isa = PBXFileReference; explicitFileType = wrapper.application; includeInIndex = 0; path = AppStore.app; sourceTree = BUILT_PRODUCTS_DIR; };
		BA2098AE22725E6A00D673AB /* AppDelegate.swift */ = {isa = PBXFileReference; lastKnownFileType = sourcecode.swift; path = AppDelegate.swift; sourceTree = "<group>"; };
		BA2098B322725E6A00D673AB /* Base */ = {isa = PBXFileReference; lastKnownFileType = file.storyboard; name = Base; path = Base.lproj/Main.storyboard; sourceTree = "<group>"; };
		BA2098B522725E6C00D673AB /* Assets.xcassets */ = {isa = PBXFileReference; lastKnownFileType = folder.assetcatalog; path = Assets.xcassets; sourceTree = "<group>"; };
		BA2098B822725E6C00D673AB /* Base */ = {isa = PBXFileReference; lastKnownFileType = file.storyboard; name = Base; path = Base.lproj/LaunchScreen.storyboard; sourceTree = "<group>"; };
		BA2098BA22725E6C00D673AB /* Info.plist */ = {isa = PBXFileReference; lastKnownFileType = text.plist.xml; path = Info.plist; sourceTree = "<group>"; };
		BA2098C022725F0C00D673AB /* MainTabBarController.swift */ = {isa = PBXFileReference; lastKnownFileType = sourcecode.swift; path = MainTabBarController.swift; sourceTree = "<group>"; };
		BA2098C22272682500D673AB /* SearchViewController.swift */ = {isa = PBXFileReference; lastKnownFileType = sourcecode.swift; path = SearchViewController.swift; sourceTree = "<group>"; };
		BAEA48CB22779B1F006CC27D /* SearchCollectionViewCell.swift */ = {isa = PBXFileReference; lastKnownFileType = sourcecode.swift; path = SearchCollectionViewCell.swift; sourceTree = "<group>"; };
		BAEA48CE2277B742006CC27D /* UIView+ConstraintLayout.swift */ = {isa = PBXFileReference; lastKnownFileType = sourcecode.swift; path = "UIView+ConstraintLayout.swift"; sourceTree = "<group>"; };
		BAEA48D12277BC46006CC27D /* SearchResultApp.swift */ = {isa = PBXFileReference; lastKnownFileType = sourcecode.swift; path = SearchResultApp.swift; sourceTree = "<group>"; };
/* End PBXFileReference section */

/* Begin PBXFrameworksBuildPhase section */
		BA2098A822725E6A00D673AB /* Frameworks */ = {
			isa = PBXFrameworksBuildPhase;
			buildActionMask = 2147483647;
			files = (
			);
			runOnlyForDeploymentPostprocessing = 0;
		};
/* End PBXFrameworksBuildPhase section */

/* Begin PBXGroup section */
		BA2098A222725E6A00D673AB = {
			isa = PBXGroup;
			children = (
				BA2098AD22725E6A00D673AB /* AppStore */,
				BA2098AC22725E6A00D673AB /* Products */,
			);
			sourceTree = "<group>";
		};
		BA2098AC22725E6A00D673AB /* Products */ = {
			isa = PBXGroup;
			children = (
				BA2098AB22725E6A00D673AB /* AppStore.app */,
			);
			name = Products;
			sourceTree = "<group>";
		};
		BA2098AD22725E6A00D673AB /* AppStore */ = {
			isa = PBXGroup;
			children = (
				BAEA48D02277BBE2006CC27D /* Models */,
				BAEA48CD2277B6FF006CC27D /* Extensions */,
				BAEA48CA22779AF5006CC27D /* Views */,
				BA2098C5227268D500D673AB /* Supporting Files */,
				BA2098C42272686E00D673AB /* Controllers */,
				BA2098BA22725E6C00D673AB /* Info.plist */,
			);
			path = AppStore;
			sourceTree = "<group>";
		};
		BA2098C42272686E00D673AB /* Controllers */ = {
			isa = PBXGroup;
			children = (
				BA2098C22272682500D673AB /* SearchViewController.swift */,
				BA2098C022725F0C00D673AB /* MainTabBarController.swift */,
			);
			path = Controllers;
			sourceTree = "<group>";
		};
		BA2098C5227268D500D673AB /* Supporting Files */ = {
			isa = PBXGroup;
			children = (
				BA2098AE22725E6A00D673AB /* AppDelegate.swift */,
				BA2098B222725E6A00D673AB /* Main.storyboard */,
				BA2098B522725E6C00D673AB /* Assets.xcassets */,
				BA2098B722725E6C00D673AB /* LaunchScreen.storyboard */,
			);
			path = "Supporting Files";
			sourceTree = "<group>";
		};
		BAEA48CA22779AF5006CC27D /* Views */ = {
			isa = PBXGroup;
			children = (
				BAEA48CB22779B1F006CC27D /* SearchCollectionViewCell.swift */,
			);
			path = Views;
			sourceTree = "<group>";
		};
		BAEA48CD2277B6FF006CC27D /* Extensions */ = {
			isa = PBXGroup;
			children = (
				BAEA48CE2277B742006CC27D /* UIView+ConstraintLayout.swift */,
			);
			path = Extensions;
			sourceTree = "<group>";
		};
		BAEA48D02277BBE2006CC27D /* Models */ = {
			isa = PBXGroup;
			children = (
				BAEA48D12277BC46006CC27D /* SearchResultApp.swift */,
			);
			path = Models;
			sourceTree = "<group>";
		};
/* End PBXGroup section */

/* Begin PBXNativeTarget section */
		BA2098AA22725E6A00D673AB /* AppStore */ = {
			isa = PBXNativeTarget;
			buildConfigurationList = BA2098BD22725E6C00D673AB /* Build configuration list for PBXNativeTarget "AppStore" */;
			buildPhases = (
				BA2098A722725E6A00D673AB /* Sources */,
				BA2098A822725E6A00D673AB /* Frameworks */,
				BA2098A922725E6A00D673AB /* Resources */,
			);
			buildRules = (
			);
			dependencies = (
			);
			name = AppStore;
			productName = AppStore;
			productReference = BA2098AB22725E6A00D673AB /* AppStore.app */;
			productType = "com.apple.product-type.application";
		};
/* End PBXNativeTarget section */

/* Begin PBXProject section */
		BA2098A322725E6A00D673AB /* Project object */ = {
			isa = PBXProject;
			attributes = {
				LastSwiftUpdateCheck = 1020;
				LastUpgradeCheck = 1020;
				ORGANIZATIONNAME = "Thong Hoang Nguyen";
				TargetAttributes = {
					BA2098AA22725E6A00D673AB = {
						CreatedOnToolsVersion = 10.2.1;
					};
				};
			};
			buildConfigurationList = BA2098A622725E6A00D673AB /* Build configuration list for PBXProject "AppStore" */;
			compatibilityVersion = "Xcode 9.3";
			developmentRegion = en;
			hasScannedForEncodings = 0;
			knownRegions = (
				en,
				Base,
			);
			mainGroup = BA2098A222725E6A00D673AB;
			productRefGroup = BA2098AC22725E6A00D673AB /* Products */;
			projectDirPath = "";
			projectRoot = "";
			targets = (
				BA2098AA22725E6A00D673AB /* AppStore */,
			);
		};
/* End PBXProject section */

/* Begin PBXResourcesBuildPhase section */
		BA2098A922725E6A00D673AB /* Resources */ = {
			isa = PBXResourcesBuildPhase;
			buildActionMask = 2147483647;
			files = (
				BA2098B922725E6C00D673AB /* LaunchScreen.storyboard in Resources */,
				BA2098B622725E6C00D673AB /* Assets.xcassets in Resources */,
				BA2098B422725E6A00D673AB /* Main.storyboard in Resources */,
			);
			runOnlyForDeploymentPostprocessing = 0;
		};
/* End PBXResourcesBuildPhase section */

/* Begin PBXSourcesBuildPhase section */
		BA2098A722725E6A00D673AB /* Sources */ = {
			isa = PBXSourcesBuildPhase;
			buildActionMask = 2147483647;
			files = (
				BA2098AF22725E6A00D673AB /* AppDelegate.swift in Sources */,
				BA2098C32272682500D673AB /* SearchViewController.swift in Sources */,
				BAEA48CC22779B1F006CC27D /* SearchCollectionViewCell.swift in Sources */,
				BA2098C122725F0C00D673AB /* MainTabBarController.swift in Sources */,
				BAEA48D22277BC46006CC27D /* SearchResultApp.swift in Sources */,
				BAEA48CF2277B742006CC27D /* UIView+ConstraintLayout.swift in Sources */,
			);
			runOnlyForDeploymentPostprocessing = 0;
		};
/* End PBXSourcesBuildPhase section */

/* Begin PBXVariantGroup section */
		BA2098B222725E6A00D673AB /* Main.storyboard */ = {
			isa = PBXVariantGroup;
			children = (
				BA2098B322725E6A00D673AB /* Base */,
			);
			name = Main.storyboard;
			sourceTree = "<group>";
		};
		BA2098B722725E6C00D673AB /* LaunchScreen.storyboard */ = {
			isa = PBXVariantGroup;
			children = (
				BA2098B822725E6C00D673AB /* Base */,
			);
			name = LaunchScreen.storyboard;
			sourceTree = "<group>";
		};
/* End PBXVariantGroup section */

/* Begin XCBuildConfiguration section */
		BA2098BB22725E6C00D673AB /* Debug */ = {
			isa = XCBuildConfiguration;
			buildSettings = {
				ALWAYS_SEARCH_USER_PATHS = NO;
				CLANG_ANALYZER_NONNULL = YES;
				CLANG_ANALYZER_NUMBER_OBJECT_CONVERSION = YES_AGGRESSIVE;
				CLANG_CXX_LANGUAGE_STANDARD = "gnu++14";
				CLANG_CXX_LIBRARY = "libc++";
				CLANG_ENABLE_MODULES = YES;
				CLANG_ENABLE_OBJC_ARC = YES;
				CLANG_ENABLE_OBJC_WEAK = YES;
				CLANG_WARN_BLOCK_CAPTURE_AUTORELEASING = YES;
				CLANG_WARN_BOOL_CONVERSION = YES;
				CLANG_WARN_COMMA = YES;
				CLANG_WARN_CONSTANT_CONVERSION = YES;
				CLANG_WARN_DEPRECATED_OBJC_IMPLEMENTATIONS = YES;
				CLANG_WARN_DIRECT_OBJC_ISA_USAGE = YES_ERROR;
				CLANG_WARN_DOCUMENTATION_COMMENTS = YES;
				CLANG_WARN_EMPTY_BODY = YES;
				CLANG_WARN_ENUM_CONVERSION = YES;
				CLANG_WARN_INFINITE_RECURSION = YES;
				CLANG_WARN_INT_CONVERSION = YES;
				CLANG_WARN_NON_LITERAL_NULL_CONVERSION = YES;
				CLANG_WARN_OBJC_IMPLICIT_RETAIN_SELF = YES;
				CLANG_WARN_OBJC_LITERAL_CONVERSION = YES;
				CLANG_WARN_OBJC_ROOT_CLASS = YES_ERROR;
				CLANG_WARN_RANGE_LOOP_ANALYSIS = YES;
				CLANG_WARN_STRICT_PROTOTYPES = YES;
				CLANG_WARN_SUSPICIOUS_MOVE = YES;
				CLANG_WARN_UNGUARDED_AVAILABILITY = YES_AGGRESSIVE;
				CLANG_WARN_UNREACHABLE_CODE = YES;
				CLANG_WARN__DUPLICATE_METHOD_MATCH = YES;
				CODE_SIGN_IDENTITY = "iPhone Developer";
				COPY_PHASE_STRIP = NO;
				DEBUG_INFORMATION_FORMAT = dwarf;
				ENABLE_STRICT_OBJC_MSGSEND = YES;
				ENABLE_TESTABILITY = YES;
				GCC_C_LANGUAGE_STANDARD = gnu11;
				GCC_DYNAMIC_NO_PIC = NO;
				GCC_NO_COMMON_BLOCKS = YES;
				GCC_OPTIMIZATION_LEVEL = 0;
				GCC_PREPROCESSOR_DEFINITIONS = (
					"DEBUG=1",
					"$(inherited)",
				);
				GCC_WARN_64_TO_32_BIT_CONVERSION = YES;
				GCC_WARN_ABOUT_RETURN_TYPE = YES_ERROR;
				GCC_WARN_UNDECLARED_SELECTOR = YES;
				GCC_WARN_UNINITIALIZED_AUTOS = YES_AGGRESSIVE;
				GCC_WARN_UNUSED_FUNCTION = YES;
				GCC_WARN_UNUSED_VARIABLE = YES;
				IPHONEOS_DEPLOYMENT_TARGET = 12.2;
				MTL_ENABLE_DEBUG_INFO = INCLUDE_SOURCE;
				MTL_FAST_MATH = YES;
				ONLY_ACTIVE_ARCH = YES;
				SDKROOT = iphoneos;
				SWIFT_ACTIVE_COMPILATION_CONDITIONS = DEBUG;
				SWIFT_OPTIMIZATION_LEVEL = "-Onone";
			};
			name = Debug;
		};
		BA2098BC22725E6C00D673AB /* Release */ = {
			isa = XCBuildConfiguration;
			buildSettings = {
				ALWAYS_SEARCH_USER_PATHS = NO;
				CLANG_ANALYZER_NONNULL = YES;
				CLANG_ANALYZER_NUMBER_OBJECT_CONVERSION = YES_AGGRESSIVE;
				CLANG_CXX_LANGUAGE_STANDARD = "gnu++14";
				CLANG_CXX_LIBRARY = "libc++";
				CLANG_ENABLE_MODULES = YES;
				CLANG_ENABLE_OBJC_ARC = YES;
				CLANG_ENABLE_OBJC_WEAK = YES;
				CLANG_WARN_BLOCK_CAPTURE_AUTORELEASING = YES;
				CLANG_WARN_BOOL_CONVERSION = YES;
				CLANG_WARN_COMMA = YES;
				CLANG_WARN_CONSTANT_CONVERSION = YES;
				CLANG_WARN_DEPRECATED_OBJC_IMPLEMENTATIONS = YES;
				CLANG_WARN_DIRECT_OBJC_ISA_USAGE = YES_ERROR;
				CLANG_WARN_DOCUMENTATION_COMMENTS = YES;
				CLANG_WARN_EMPTY_BODY = YES;
				CLANG_WARN_ENUM_CONVERSION = YES;
				CLANG_WARN_INFINITE_RECURSION = YES;
				CLANG_WARN_INT_CONVERSION = YES;
				CLANG_WARN_NON_LITERAL_NULL_CONVERSION = YES;
				CLANG_WARN_OBJC_IMPLICIT_RETAIN_SELF = YES;
				CLANG_WARN_OBJC_LITERAL_CONVERSION = YES;
				CLANG_WARN_OBJC_ROOT_CLASS = YES_ERROR;
				CLANG_WARN_RANGE_LOOP_ANALYSIS = YES;
				CLANG_WARN_STRICT_PROTOTYPES = YES;
				CLANG_WARN_SUSPICIOUS_MOVE = YES;
				CLANG_WARN_UNGUARDED_AVAILABILITY = YES_AGGRESSIVE;
				CLANG_WARN_UNREACHABLE_CODE = YES;
				CLANG_WARN__DUPLICATE_METHOD_MATCH = YES;
				CODE_SIGN_IDENTITY = "iPhone Developer";
				COPY_PHASE_STRIP = NO;
				DEBUG_INFORMATION_FORMAT = "dwarf-with-dsym";
				ENABLE_NS_ASSERTIONS = NO;
				ENABLE_STRICT_OBJC_MSGSEND = YES;
				GCC_C_LANGUAGE_STANDARD = gnu11;
				GCC_NO_COMMON_BLOCKS = YES;
				GCC_WARN_64_TO_32_BIT_CONVERSION = YES;
				GCC_WARN_ABOUT_RETURN_TYPE = YES_ERROR;
				GCC_WARN_UNDECLARED_SELECTOR = YES;
				GCC_WARN_UNINITIALIZED_AUTOS = YES_AGGRESSIVE;
				GCC_WARN_UNUSED_FUNCTION = YES;
				GCC_WARN_UNUSED_VARIABLE = YES;
				IPHONEOS_DEPLOYMENT_TARGET = 12.2;
				MTL_ENABLE_DEBUG_INFO = NO;
				MTL_FAST_MATH = YES;
				SDKROOT = iphoneos;
				SWIFT_COMPILATION_MODE = wholemodule;
				SWIFT_OPTIMIZATION_LEVEL = "-O";
				VALIDATE_PRODUCT = YES;
			};
			name = Release;
		};
		BA2098BE22725E6C00D673AB /* Debug */ = {
			isa = XCBuildConfiguration;
			buildSettings = {
				ASSETCATALOG_COMPILER_APPICON_NAME = AppIcon;
				CODE_SIGN_STYLE = Automatic;
				DEVELOPMENT_TEAM = NTBX6B6L7U;
				INFOPLIST_FILE = AppStore/Info.plist;
				LD_RUNPATH_SEARCH_PATHS = (
					"$(inherited)",
					"@executable_path/Frameworks",
				);
				PRODUCT_BUNDLE_IDENTIFIER = hoangthongtv91.AppStore;
				PRODUCT_NAME = "$(TARGET_NAME)";
				SWIFT_VERSION = 5.0;
				TARGETED_DEVICE_FAMILY = "1,2";
			};
			name = Debug;
		};
		BA2098BF22725E6C00D673AB /* Release */ = {
			isa = XCBuildConfiguration;
			buildSettings = {
				ASSETCATALOG_COMPILER_APPICON_NAME = AppIcon;
				CODE_SIGN_STYLE = Automatic;
				DEVELOPMENT_TEAM = NTBX6B6L7U;
				INFOPLIST_FILE = AppStore/Info.plist;
				LD_RUNPATH_SEARCH_PATHS = (
					"$(inherited)",
					"@executable_path/Frameworks",
				);
				PRODUCT_BUNDLE_IDENTIFIER = hoangthongtv91.AppStore;
				PRODUCT_NAME = "$(TARGET_NAME)";
				SWIFT_VERSION = 5.0;
				TARGETED_DEVICE_FAMILY = "1,2";
			};
			name = Release;
		};
/* End XCBuildConfiguration section */

/* Begin XCConfigurationList section */
		BA2098A622725E6A00D673AB /* Build configuration list for PBXProject "AppStore" */ = {
			isa = XCConfigurationList;
			buildConfigurations = (
				BA2098BB22725E6C00D673AB /* Debug */,
				BA2098BC22725E6C00D673AB /* Release */,
			);
			defaultConfigurationIsVisible = 0;
			defaultConfigurationName = Release;
		};
		BA2098BD22725E6C00D673AB /* Build configuration list for PBXNativeTarget "AppStore" */ = {
			isa = XCConfigurationList;
			buildConfigurations = (
				BA2098BE22725E6C00D673AB /* Debug */,
				BA2098BF22725E6C00D673AB /* Release */,
			);
			defaultConfigurationIsVisible = 0;
			defaultConfigurationName = Release;
		};
/* End XCConfigurationList section */
	};
	rootObject = BA2098A322725E6A00D673AB /* Project object */;
}
